// !$*UTF8*$!
{
	archiveVersion = 1;
	classes = {
	};
	objectVersion = 56;
	objects = {

/* Begin PBXBuildFile section */
		98CA0C5D2A8C9CC600BCEB67 /* HoontalianoApp.swift in Sources */ = {isa = PBXBuildFile; fileRef = 98CA0C5C2A8C9CC600BCEB67 /* HoontalianoApp.swift */; };
		98CA0C5F2A8C9CC600BCEB67 /* ContentView.swift in Sources */ = {isa = PBXBuildFile; fileRef = 98CA0C5E2A8C9CC600BCEB67 /* ContentView.swift */; };
		98CA0C612A8C9CC700BCEB67 /* Assets.xcassets in Resources */ = {isa = PBXBuildFile; fileRef = 98CA0C602A8C9CC700BCEB67 /* Assets.xcassets */; };
		98CA0C652A8C9CC700BCEB67 /* Preview Assets.xcassets in Resources */ = {isa = PBXBuildFile; fileRef = 98CA0C642A8C9CC700BCEB67 /* Preview Assets.xcassets */; };
		98CA0C6F2A8C9CC700BCEB67 /* HoontalianoTests.swift in Sources */ = {isa = PBXBuildFile; fileRef = 98CA0C6E2A8C9CC700BCEB67 /* HoontalianoTests.swift */; };
		98CA0C882A8C9D4100BCEB67 /* MenuGroupingTests.swift in Sources */ = {isa = PBXBuildFile; fileRef = 98CA0C872A8C9D4100BCEB67 /* MenuGroupingTests.swift */; };
		98CA0C8C2A8C9DB500BCEB67 /* MenuItem.swift in Sources */ = {isa = PBXBuildFile; fileRef = 98CA0C8B2A8C9DB500BCEB67 /* MenuItem.swift */; };
		98CA0C8E2A8C9DC200BCEB67 /* MenuSection.swift in Sources */ = {isa = PBXBuildFile; fileRef = 98CA0C8D2A8C9DC200BCEB67 /* MenuSection.swift */; };
		98CA0C902A8C9DE700BCEB67 /* groupMenuByCategory.swift in Sources */ = {isa = PBXBuildFile; fileRef = 98CA0C8F2A8C9DE700BCEB67 /* groupMenuByCategory.swift */; };
		98CA0C932A8CA81700BCEB67 /* Collection+Safe.swift in Sources */ = {isa = PBXBuildFile; fileRef = 98CA0C922A8CA81700BCEB67 /* Collection+Safe.swift */; };
/* End PBXBuildFile section */

/* Begin PBXContainerItemProxy section */
		98CA0C6B2A8C9CC700BCEB67 /* PBXContainerItemProxy */ = {
			isa = PBXContainerItemProxy;
			containerPortal = 98CA0C512A8C9CC600BCEB67 /* Project object */;
			proxyType = 1;
			remoteGlobalIDString = 98CA0C582A8C9CC600BCEB67;
			remoteInfo = Hoontaliano;
		};
/* End PBXContainerItemProxy section */

/* Begin PBXFileReference section */
		98CA0C592A8C9CC600BCEB67 /* Hoontaliano.app */ = {isa = PBXFileReference; explicitFileType = wrapper.application; includeInIndex = 0; path = Hoontaliano.app; sourceTree = BUILT_PRODUCTS_DIR; };
		98CA0C5C2A8C9CC600BCEB67 /* HoontalianoApp.swift */ = {isa = PBXFileReference; lastKnownFileType = sourcecode.swift; path = HoontalianoApp.swift; sourceTree = "<group>"; };
		98CA0C5E2A8C9CC600BCEB67 /* ContentView.swift */ = {isa = PBXFileReference; lastKnownFileType = sourcecode.swift; path = ContentView.swift; sourceTree = "<group>"; };
		98CA0C602A8C9CC700BCEB67 /* Assets.xcassets */ = {isa = PBXFileReference; lastKnownFileType = folder.assetcatalog; path = Assets.xcassets; sourceTree = "<group>"; };
		98CA0C622A8C9CC700BCEB67 /* Hoontaliano.entitlements */ = {isa = PBXFileReference; lastKnownFileType = text.plist.entitlements; path = Hoontaliano.entitlements; sourceTree = "<group>"; };
		98CA0C642A8C9CC700BCEB67 /* Preview Assets.xcassets */ = {isa = PBXFileReference; lastKnownFileType = folder.assetcatalog; path = "Preview Assets.xcassets"; sourceTree = "<group>"; };
		98CA0C6A2A8C9CC700BCEB67 /* HoontalianoTests.xctest */ = {isa = PBXFileReference; explicitFileType = wrapper.cfbundle; includeInIndex = 0; path = HoontalianoTests.xctest; sourceTree = BUILT_PRODUCTS_DIR; };
		98CA0C6E2A8C9CC700BCEB67 /* HoontalianoTests.swift */ = {isa = PBXFileReference; lastKnownFileType = sourcecode.swift; path = HoontalianoTests.swift; sourceTree = "<group>"; };
		98CA0C782A8C9CC700BCEB67 /* HoontalianoUITests.swift */ = {isa = PBXFileReference; lastKnownFileType = sourcecode.swift; path = HoontalianoUITests.swift; sourceTree = "<group>"; };
		98CA0C7A2A8C9CC700BCEB67 /* HoontalianoUITestsLaunchTests.swift */ = {isa = PBXFileReference; lastKnownFileType = sourcecode.swift; path = HoontalianoUITestsLaunchTests.swift; sourceTree = "<group>"; };
		98CA0C872A8C9D4100BCEB67 /* MenuGroupingTests.swift */ = {isa = PBXFileReference; lastKnownFileType = sourcecode.swift; path = MenuGroupingTests.swift; sourceTree = "<group>"; };
		98CA0C8B2A8C9DB500BCEB67 /* MenuItem.swift */ = {isa = PBXFileReference; lastKnownFileType = sourcecode.swift; path = MenuItem.swift; sourceTree = "<group>"; };
		98CA0C8D2A8C9DC200BCEB67 /* MenuSection.swift */ = {isa = PBXFileReference; lastKnownFileType = sourcecode.swift; path = MenuSection.swift; sourceTree = "<group>"; };
		98CA0C8F2A8C9DE700BCEB67 /* groupMenuByCategory.swift */ = {isa = PBXFileReference; lastKnownFileType = sourcecode.swift; path = groupMenuByCategory.swift; sourceTree = "<group>"; };
		98CA0C922A8CA81700BCEB67 /* Collection+Safe.swift */ = {isa = PBXFileReference; lastKnownFileType = sourcecode.swift; path = "Collection+Safe.swift"; sourceTree = "<group>"; };
/* End PBXFileReference section */

/* Begin PBXFrameworksBuildPhase section */
		98CA0C562A8C9CC600BCEB67 /* Frameworks */ = {
			isa = PBXFrameworksBuildPhase;
			buildActionMask = 2147483647;
			files = (
			);
			runOnlyForDeploymentPostprocessing = 0;
		};
		98CA0C672A8C9CC700BCEB67 /* Frameworks */ = {
			isa = PBXFrameworksBuildPhase;
			buildActionMask = 2147483647;
			files = (
			);
			runOnlyForDeploymentPostprocessing = 0;
		};
/* End PBXFrameworksBuildPhase section */

/* Begin PBXGroup section */
		98CA0C502A8C9CC600BCEB67 = {
			isa = PBXGroup;
			children = (
				98CA0C5B2A8C9CC600BCEB67 /* Hoontaliano */,
				98CA0C6D2A8C9CC700BCEB67 /* HoontalianoTests */,
				98CA0C772A8C9CC700BCEB67 /* HoontalianoUITests */,
				98CA0C5A2A8C9CC600BCEB67 /* Products */,
			);
			sourceTree = "<group>";
		};
		98CA0C5A2A8C9CC600BCEB67 /* Products */ = {
			isa = PBXGroup;
			children = (
				98CA0C592A8C9CC600BCEB67 /* Hoontaliano.app */,
				98CA0C6A2A8C9CC700BCEB67 /* HoontalianoTests.xctest */,
			);
			name = Products;
			sourceTree = "<group>";
		};
		98CA0C5B2A8C9CC600BCEB67 /* Hoontaliano */ = {
			isa = PBXGroup;
			children = (
				98CA0C912A8CA80400BCEB67 /* Extensions */,
				98CA0C8A2A8C9DAA00BCEB67 /* Models */,
				98CA0C892A8C9DA400BCEB67 /* Utils */,
				98CA0C5C2A8C9CC600BCEB67 /* HoontalianoApp.swift */,
				98CA0C5E2A8C9CC600BCEB67 /* ContentView.swift */,
				98CA0C602A8C9CC700BCEB67 /* Assets.xcassets */,
				98CA0C622A8C9CC700BCEB67 /* Hoontaliano.entitlements */,
				98CA0C632A8C9CC700BCEB67 /* Preview Content */,
			);
			path = Hoontaliano;
			sourceTree = "<group>";
		};
		98CA0C632A8C9CC700BCEB67 /* Preview Content */ = {
			isa = PBXGroup;
			children = (
				98CA0C642A8C9CC700BCEB67 /* Preview Assets.xcassets */,
			);
			path = "Preview Content";
			sourceTree = "<group>";
		};
		98CA0C6D2A8C9CC700BCEB67 /* HoontalianoTests */ = {
			isa = PBXGroup;
			children = (
				98CA0C6E2A8C9CC700BCEB67 /* HoontalianoTests.swift */,
				98CA0C872A8C9D4100BCEB67 /* MenuGroupingTests.swift */,
			);
			path = HoontalianoTests;
			sourceTree = "<group>";
		};
		98CA0C772A8C9CC700BCEB67 /* HoontalianoUITests */ = {
			isa = PBXGroup;
			children = (
				98CA0C782A8C9CC700BCEB67 /* HoontalianoUITests.swift */,
				98CA0C7A2A8C9CC700BCEB67 /* HoontalianoUITestsLaunchTests.swift */,
			);
			path = HoontalianoUITests;
			sourceTree = "<group>";
		};
		98CA0C892A8C9DA400BCEB67 /* Utils */ = {
			isa = PBXGroup;
			children = (
				98CA0C8F2A8C9DE700BCEB67 /* groupMenuByCategory.swift */,
			);
			path = Utils;
			sourceTree = "<group>";
		};
		98CA0C8A2A8C9DAA00BCEB67 /* Models */ = {
			isa = PBXGroup;
			children = (
				98CA0C8B2A8C9DB500BCEB67 /* MenuItem.swift */,
				98CA0C8D2A8C9DC200BCEB67 /* MenuSection.swift */,
			);
			path = Models;
			sourceTree = "<group>";
		};
		98CA0C912A8CA80400BCEB67 /* Extensions */ = {
			isa = PBXGroup;
			children = (
				98CA0C922A8CA81700BCEB67 /* Collection+Safe.swift */,
			);
			path = Extensions;
			sourceTree = "<group>";
		};
/* End PBXGroup section */

/* Begin PBXNativeTarget section */
		98CA0C582A8C9CC600BCEB67 /* Hoontaliano */ = {
			isa = PBXNativeTarget;
			buildConfigurationList = 98CA0C7E2A8C9CC700BCEB67 /* Build configuration list for PBXNativeTarget "Hoontaliano" */;
			buildPhases = (
				98CA0C552A8C9CC600BCEB67 /* Sources */,
				98CA0C562A8C9CC600BCEB67 /* Frameworks */,
				98CA0C572A8C9CC600BCEB67 /* Resources */,
			);
			buildRules = (
			);
			dependencies = (
			);
			name = Hoontaliano;
			productName = Hoontaliano;
			productReference = 98CA0C592A8C9CC600BCEB67 /* Hoontaliano.app */;
			productType = "com.apple.product-type.application";
		};
		98CA0C692A8C9CC700BCEB67 /* HoontalianoTests */ = {
			isa = PBXNativeTarget;
			buildConfigurationList = 98CA0C812A8C9CC700BCEB67 /* Build configuration list for PBXNativeTarget "HoontalianoTests" */;
			buildPhases = (
				98CA0C662A8C9CC700BCEB67 /* Sources */,
				98CA0C672A8C9CC700BCEB67 /* Frameworks */,
				98CA0C682A8C9CC700BCEB67 /* Resources */,
			);
			buildRules = (
			);
			dependencies = (
				98CA0C6C2A8C9CC700BCEB67 /* PBXTargetDependency */,
			);
			name = HoontalianoTests;
			productName = HoontalianoTests;
			productReference = 98CA0C6A2A8C9CC700BCEB67 /* HoontalianoTests.xctest */;
			productType = "com.apple.product-type.bundle.unit-test";
		};
/* End PBXNativeTarget section */

/* Begin PBXProject section */
		98CA0C512A8C9CC600BCEB67 /* Project object */ = {
			isa = PBXProject;
			attributes = {
				BuildIndependentTargetsInParallel = 1;
				LastSwiftUpdateCheck = 1430;
				LastUpgradeCheck = 1430;
				TargetAttributes = {
					98CA0C582A8C9CC600BCEB67 = {
						CreatedOnToolsVersion = 14.3.1;
					};
					98CA0C692A8C9CC700BCEB67 = {
						CreatedOnToolsVersion = 14.3.1;
						TestTargetID = 98CA0C582A8C9CC600BCEB67;
					};
				};
			};
			buildConfigurationList = 98CA0C542A8C9CC600BCEB67 /* Build configuration list for PBXProject "Hoontaliano" */;
			compatibilityVersion = "Xcode 14.0";
			developmentRegion = en;
			hasScannedForEncodings = 0;
			knownRegions = (
				en,
				Base,
			);
			mainGroup = 98CA0C502A8C9CC600BCEB67;
			productRefGroup = 98CA0C5A2A8C9CC600BCEB67 /* Products */;
			projectDirPath = "";
			projectRoot = "";
			targets = (
				98CA0C582A8C9CC600BCEB67 /* Hoontaliano */,
				98CA0C692A8C9CC700BCEB67 /* HoontalianoTests */,
			);
		};
/* End PBXProject section */

/* Begin PBXResourcesBuildPhase section */
		98CA0C572A8C9CC600BCEB67 /* Resources */ = {
			isa = PBXResourcesBuildPhase;
			buildActionMask = 2147483647;
			files = (
				98CA0C652A8C9CC700BCEB67 /* Preview Assets.xcassets in Resources */,
				98CA0C612A8C9CC700BCEB67 /* Assets.xcassets in Resources */,
			);
			runOnlyForDeploymentPostprocessing = 0;
		};
		98CA0C682A8C9CC700BCEB67 /* Resources */ = {
			isa = PBXResourcesBuildPhase;
			buildActionMask = 2147483647;
			files = (
			);
			runOnlyForDeploymentPostprocessing = 0;
		};
/* End PBXResourcesBuildPhase section */

/* Begin PBXSourcesBuildPhase section */
		98CA0C552A8C9CC600BCEB67 /* Sources */ = {
			isa = PBXSourcesBuildPhase;
			buildActionMask = 2147483647;
			files = (
				98CA0C932A8CA81700BCEB67 /* Collection+Safe.swift in Sources */,
				98CA0C8C2A8C9DB500BCEB67 /* MenuItem.swift in Sources */,
				98CA0C902A8C9DE700BCEB67 /* groupMenuByCategory.swift in Sources */,
				98CA0C5F2A8C9CC600BCEB67 /* ContentView.swift in Sources */,
				98CA0C8E2A8C9DC200BCEB67 /* MenuSection.swift in Sources */,
				98CA0C5D2A8C9CC600BCEB67 /* HoontalianoApp.swift in Sources */,
			);
			runOnlyForDeploymentPostprocessing = 0;
		};
		98CA0C662A8C9CC700BCEB67 /* Sources */ = {
			isa = PBXSourcesBuildPhase;
			buildActionMask = 2147483647;
			files = (
				98CA0C6F2A8C9CC700BCEB67 /* HoontalianoTests.swift in Sources */,
				98CA0C882A8C9D4100BCEB67 /* MenuGroupingTests.swift in Sources */,
			);
			runOnlyForDeploymentPostprocessing = 0;
		};
/* End PBXSourcesBuildPhase section */

/* Begin PBXTargetDependency section */
		98CA0C6C2A8C9CC700BCEB67 /* PBXTargetDependency */ = {
			isa = PBXTargetDependency;
			target = 98CA0C582A8C9CC600BCEB67 /* Hoontaliano */;
			targetProxy = 98CA0C6B2A8C9CC700BCEB67 /* PBXContainerItemProxy */;
		};
/* End PBXTargetDependency section */

/* Begin XCBuildConfiguration section */
		98CA0C7C2A8C9CC700BCEB67 /* Debug */ = {
			isa = XCBuildConfiguration;
			buildSettings = {
				ALWAYS_SEARCH_USER_PATHS = NO;
				CLANG_ANALYZER_NONNULL = YES;
				CLANG_ANALYZER_NUMBER_OBJECT_CONVERSION = YES_AGGRESSIVE;
				CLANG_CXX_LANGUAGE_STANDARD = "gnu++20";
				CLANG_ENABLE_MODULES = YES;
				CLANG_ENABLE_OBJC_ARC = YES;
				CLANG_ENABLE_OBJC_WEAK = YES;
				CLANG_WARN_BLOCK_CAPTURE_AUTORELEASING = YES;
				CLANG_WARN_BOOL_CONVERSION = YES;
				CLANG_WARN_COMMA = YES;
				CLANG_WARN_CONSTANT_CONVERSION = YES;
				CLANG_WARN_DEPRECATED_OBJC_IMPLEMENTATIONS = YES;
				CLANG_WARN_DIRECT_OBJC_ISA_USAGE = YES_ERROR;
				CLANG_WARN_DOCUMENTATION_COMMENTS = YES;
				CLANG_WARN_EMPTY_BODY = YES;
				CLANG_WARN_ENUM_CONVERSION = YES;
				CLANG_WARN_INFINITE_RECURSION = YES;
				CLANG_WARN_INT_CONVERSION = YES;
				CLANG_WARN_NON_LITERAL_NULL_CONVERSION = YES;
				CLANG_WARN_OBJC_IMPLICIT_RETAIN_SELF = YES;
				CLANG_WARN_OBJC_LITERAL_CONVERSION = YES;
				CLANG_WARN_OBJC_ROOT_CLASS = YES_ERROR;
				CLANG_WARN_QUOTED_INCLUDE_IN_FRAMEWORK_HEADER = YES;
				CLANG_WARN_RANGE_LOOP_ANALYSIS = YES;
				CLANG_WARN_STRICT_PROTOTYPES = YES;
				CLANG_WARN_SUSPICIOUS_MOVE = YES;
				CLANG_WARN_UNGUARDED_AVAILABILITY = YES_AGGRESSIVE;
				CLANG_WARN_UNREACHABLE_CODE = YES;
				CLANG_WARN__DUPLICATE_METHOD_MATCH = YES;
				COPY_PHASE_STRIP = NO;
				DEBUG_INFORMATION_FORMAT = dwarf;
				ENABLE_STRICT_OBJC_MSGSEND = YES;
				ENABLE_TESTABILITY = YES;
				GCC_C_LANGUAGE_STANDARD = gnu11;
				GCC_DYNAMIC_NO_PIC = NO;
				GCC_NO_COMMON_BLOCKS = YES;
				GCC_OPTIMIZATION_LEVEL = 0;
				GCC_PREPROCESSOR_DEFINITIONS = (
					"DEBUG=1",
					"$(inherited)",
				);
				GCC_WARN_64_TO_32_BIT_CONVERSION = YES;
				GCC_WARN_ABOUT_RETURN_TYPE = YES_ERROR;
				GCC_WARN_UNDECLARED_SELECTOR = YES;
				GCC_WARN_UNINITIALIZED_AUTOS = YES_AGGRESSIVE;
				GCC_WARN_UNUSED_FUNCTION = YES;
				GCC_WARN_UNUSED_VARIABLE = YES;
				MTL_ENABLE_DEBUG_INFO = INCLUDE_SOURCE;
				MTL_FAST_MATH = YES;
				ONLY_ACTIVE_ARCH = YES;
				SWIFT_ACTIVE_COMPILATION_CONDITIONS = DEBUG;
				SWIFT_OPTIMIZATION_LEVEL = "-Onone";
			};
			name = Debug;
		};
		98CA0C7D2A8C9CC700BCEB67 /* Release */ = {
			isa = XCBuildConfiguration;
			buildSettings = {
				ALWAYS_SEARCH_USER_PATHS = NO;
				CLANG_ANALYZER_NONNULL = YES;
				CLANG_ANALYZER_NUMBER_OBJECT_CONVERSION = YES_AGGRESSIVE;
				CLANG_CXX_LANGUAGE_STANDARD = "gnu++20";
				CLANG_ENABLE_MODULES = YES;
				CLANG_ENABLE_OBJC_ARC = YES;
				CLANG_ENABLE_OBJC_WEAK = YES;
				CLANG_WARN_BLOCK_CAPTURE_AUTORELEASING = YES;
				CLANG_WARN_BOOL_CONVERSION = YES;
				CLANG_WARN_COMMA = YES;
				CLANG_WARN_CONSTANT_CONVERSION = YES;
				CLANG_WARN_DEPRECATED_OBJC_IMPLEMENTATIONS = YES;
				CLANG_WARN_DIRECT_OBJC_ISA_USAGE = YES_ERROR;
				CLANG_WARN_DOCUMENTATION_COMMENTS = YES;
				CLANG_WARN_EMPTY_BODY = YES;
				CLANG_WARN_ENUM_CONVERSION = YES;
				CLANG_WARN_INFINITE_RECURSION = YES;
				CLANG_WARN_INT_CONVERSION = YES;
				CLANG_WARN_NON_LITERAL_NULL_CONVERSION = YES;
				CLANG_WARN_OBJC_IMPLICIT_RETAIN_SELF = YES;
				CLANG_WARN_OBJC_LITERAL_CONVERSION = YES;
				CLANG_WARN_OBJC_ROOT_CLASS = YES_ERROR;
				CLANG_WARN_QUOTED_INCLUDE_IN_FRAMEWORK_HEADER = YES;
				CLANG_WARN_RANGE_LOOP_ANALYSIS = YES;
				CLANG_WARN_STRICT_PROTOTYPES = YES;
				CLANG_WARN_SUSPICIOUS_MOVE = YES;
				CLANG_WARN_UNGUARDED_AVAILABILITY = YES_AGGRESSIVE;
				CLANG_WARN_UNREACHABLE_CODE = YES;
				CLANG_WARN__DUPLICATE_METHOD_MATCH = YES;
				COPY_PHASE_STRIP = NO;
				DEBUG_INFORMATION_FORMAT = "dwarf-with-dsym";
				ENABLE_NS_ASSERTIONS = NO;
				ENABLE_STRICT_OBJC_MSGSEND = YES;
				GCC_C_LANGUAGE_STANDARD = gnu11;
				GCC_NO_COMMON_BLOCKS = YES;
				GCC_WARN_64_TO_32_BIT_CONVERSION = YES;
				GCC_WARN_ABOUT_RETURN_TYPE = YES_ERROR;
				GCC_WARN_UNDECLARED_SELECTOR = YES;
				GCC_WARN_UNINITIALIZED_AUTOS = YES_AGGRESSIVE;
				GCC_WARN_UNUSED_FUNCTION = YES;
				GCC_WARN_UNUSED_VARIABLE = YES;
				MTL_ENABLE_DEBUG_INFO = NO;
				MTL_FAST_MATH = YES;
				SWIFT_COMPILATION_MODE = wholemodule;
				SWIFT_OPTIMIZATION_LEVEL = "-O";
			};
			name = Release;
		};
		98CA0C7F2A8C9CC700BCEB67 /* Debug */ = {
			isa = XCBuildConfiguration;
			buildSettings = {
				ASSETCATALOG_COMPILER_APPICON_NAME = AppIcon;
				ASSETCATALOG_COMPILER_GLOBAL_ACCENT_COLOR_NAME = AccentColor;
				CODE_SIGN_ENTITLEMENTS = Hoontaliano/Hoontaliano.entitlements;
				CODE_SIGN_STYLE = Automatic;
				CURRENT_PROJECT_VERSION = 1;
				DEVELOPMENT_ASSET_PATHS = "\"Hoontaliano/Preview Content\"";
				DEVELOPMENT_TEAM = YRKGHB8X7N;
				ENABLE_HARDENED_RUNTIME = YES;
				ENABLE_PREVIEWS = YES;
				GENERATE_INFOPLIST_FILE = YES;
				"INFOPLIST_KEY_UIApplicationSceneManifest_Generation[sdk=iphoneos*]" = YES;
				"INFOPLIST_KEY_UIApplicationSceneManifest_Generation[sdk=iphonesimulator*]" = YES;
				"INFOPLIST_KEY_UIApplicationSupportsIndirectInputEvents[sdk=iphoneos*]" = YES;
				"INFOPLIST_KEY_UIApplicationSupportsIndirectInputEvents[sdk=iphonesimulator*]" = YES;
				"INFOPLIST_KEY_UILaunchScreen_Generation[sdk=iphoneos*]" = YES;
				"INFOPLIST_KEY_UILaunchScreen_Generation[sdk=iphonesimulator*]" = YES;
				"INFOPLIST_KEY_UIStatusBarStyle[sdk=iphoneos*]" = UIStatusBarStyleDefault;
				"INFOPLIST_KEY_UIStatusBarStyle[sdk=iphonesimulator*]" = UIStatusBarStyleDefault;
				INFOPLIST_KEY_UISupportedInterfaceOrientations_iPad = "UIInterfaceOrientationPortrait UIInterfaceOrientationPortraitUpsideDown UIInterfaceOrientationLandscapeLeft UIInterfaceOrientationLandscapeRight";
				INFOPLIST_KEY_UISupportedInterfaceOrientations_iPhone = "UIInterfaceOrientationPortrait UIInterfaceOrientationLandscapeLeft UIInterfaceOrientationLandscapeRight";
				IPHONEOS_DEPLOYMENT_TARGET = 16.4;
				LD_RUNPATH_SEARCH_PATHS = "@executable_path/Frameworks";
				"LD_RUNPATH_SEARCH_PATHS[sdk=macosx*]" = "@executable_path/../Frameworks";
				MACOSX_DEPLOYMENT_TARGET = 13.2;
				MARKETING_VERSION = 1.0;
				PRODUCT_BUNDLE_IDENTIFIER = co.hoonwee.Hoontaliano;
				PRODUCT_NAME = "$(TARGET_NAME)";
				SDKROOT = auto;
				SUPPORTED_PLATFORMS = "iphoneos iphonesimulator macosx";
				SWIFT_EMIT_LOC_STRINGS = YES;
				SWIFT_VERSION = 5.0;
				TARGETED_DEVICE_FAMILY = "1,2";
			};
			name = Debug;
		};
		98CA0C802A8C9CC700BCEB67 /* Release */ = {
			isa = XCBuildConfiguration;
			buildSettings = {
				ASSETCATALOG_COMPILER_APPICON_NAME = AppIcon;
				ASSETCATALOG_COMPILER_GLOBAL_ACCENT_COLOR_NAME = AccentColor;
				CODE_SIGN_ENTITLEMENTS = Hoontaliano/Hoontaliano.entitlements;
				CODE_SIGN_STYLE = Automatic;
				CURRENT_PROJECT_VERSION = 1;
				DEVELOPMENT_ASSET_PATHS = "\"Hoontaliano/Preview Content\"";
				DEVELOPMENT_TEAM = YRKGHB8X7N;
				ENABLE_HARDENED_RUNTIME = YES;
				ENABLE_PREVIEWS = YES;
				GENERATE_INFOPLIST_FILE = YES;
				"INFOPLIST_KEY_UIApplicationSceneManifest_Generation[sdk=iphoneos*]" = YES;
				"INFOPLIST_KEY_UIApplicationSceneManifest_Generation[sdk=iphonesimulator*]" = YES;
				"INFOPLIST_KEY_UIApplicationSupportsIndirectInputEvents[sdk=iphoneos*]" = YES;
				"INFOPLIST_KEY_UIApplicationSupportsIndirectInputEvents[sdk=iphonesimulator*]" = YES;
				"INFOPLIST_KEY_UILaunchScreen_Generation[sdk=iphoneos*]" = YES;
				"INFOPLIST_KEY_UILaunchScreen_Generation[sdk=iphonesimulator*]" = YES;
				"INFOPLIST_KEY_UIStatusBarStyle[sdk=iphoneos*]" = UIStatusBarStyleDefault;
				"INFOPLIST_KEY_UIStatusBarStyle[sdk=iphonesimulator*]" = UIStatusBarStyleDefault;
				INFOPLIST_KEY_UISupportedInterfaceOrientations_iPad = "UIInterfaceOrientationPortrait UIInterfaceOrientationPortraitUpsideDown UIInterfaceOrientationLandscapeLeft UIInterfaceOrientationLandscapeRight";
				INFOPLIST_KEY_UISupportedInterfaceOrientations_iPhone = "UIInterfaceOrientationPortrait UIInterfaceOrientationLandscapeLeft UIInterfaceOrientationLandscapeRight";
				IPHONEOS_DEPLOYMENT_TARGET = 16.4;
				LD_RUNPATH_SEARCH_PATHS = "@executable_path/Frameworks";
				"LD_RUNPATH_SEARCH_PATHS[sdk=macosx*]" = "@executable_path/../Frameworks";
				MACOSX_DEPLOYMENT_TARGET = 13.2;
				MARKETING_VERSION = 1.0;
				PRODUCT_BUNDLE_IDENTIFIER = co.hoonwee.Hoontaliano;
				PRODUCT_NAME = "$(TARGET_NAME)";
				SDKROOT = auto;
				SUPPORTED_PLATFORMS = "iphoneos iphonesimulator macosx";
				SWIFT_EMIT_LOC_STRINGS = YES;
				SWIFT_VERSION = 5.0;
				TARGETED_DEVICE_FAMILY = "1,2";
			};
			name = Release;
		};
		98CA0C822A8C9CC700BCEB67 /* Debug */ = {
			isa = XCBuildConfiguration;
			buildSettings = {
				ALWAYS_EMBED_SWIFT_STANDARD_LIBRARIES = YES;
				BUNDLE_LOADER = "$(TEST_HOST)";
				CODE_SIGN_STYLE = Automatic;
				CURRENT_PROJECT_VERSION = 1;
				DEVELOPMENT_TEAM = YRKGHB8X7N;
				GENERATE_INFOPLIST_FILE = YES;
				IPHONEOS_DEPLOYMENT_TARGET = 16.4;
				MACOSX_DEPLOYMENT_TARGET = 13.2;
				MARKETING_VERSION = 1.0;
				PRODUCT_BUNDLE_IDENTIFIER = co.hoonwee.HoontalianoTests;
				PRODUCT_NAME = "$(TARGET_NAME)";
				SDKROOT = auto;
				SUPPORTED_PLATFORMS = "iphoneos iphonesimulator macosx";
				SWIFT_EMIT_LOC_STRINGS = NO;
				SWIFT_VERSION = 5.0;
				TARGETED_DEVICE_FAMILY = "1,2";
				TEST_HOST = "$(BUILT_PRODUCTS_DIR)/Hoontaliano.app/$(BUNDLE_EXECUTABLE_FOLDER_PATH)/Hoontaliano";
			};
			name = Debug;
		};
		98CA0C832A8C9CC700BCEB67 /* Release */ = {
			isa = XCBuildConfiguration;
			buildSettings = {
				ALWAYS_EMBED_SWIFT_STANDARD_LIBRARIES = YES;
				BUNDLE_LOADER = "$(TEST_HOST)";
				CODE_SIGN_STYLE = Automatic;
				CURRENT_PROJECT_VERSION = 1;
				DEVELOPMENT_TEAM = YRKGHB8X7N;
				GENERATE_INFOPLIST_FILE = YES;
				IPHONEOS_DEPLOYMENT_TARGET = 16.4;
				MACOSX_DEPLOYMENT_TARGET = 13.2;
				MARKETING_VERSION = 1.0;
				PRODUCT_BUNDLE_IDENTIFIER = co.hoonwee.HoontalianoTests;
				PRODUCT_NAME = "$(TARGET_NAME)";
				SDKROOT = auto;
				SUPPORTED_PLATFORMS = "iphoneos iphonesimulator macosx";
				SWIFT_EMIT_LOC_STRINGS = NO;
				SWIFT_VERSION = 5.0;
				TARGETED_DEVICE_FAMILY = "1,2";
				TEST_HOST = "$(BUILT_PRODUCTS_DIR)/Hoontaliano.app/$(BUNDLE_EXECUTABLE_FOLDER_PATH)/Hoontaliano";
			};
			name = Release;
		};
/* End XCBuildConfiguration section */

/* Begin XCConfigurationList section */
		98CA0C542A8C9CC600BCEB67 /* Build configuration list for PBXProject "Hoontaliano" */ = {
			isa = XCConfigurationList;
			buildConfigurations = (
				98CA0C7C2A8C9CC700BCEB67 /* Debug */,
				98CA0C7D2A8C9CC700BCEB67 /* Release */,
			);
			defaultConfigurationIsVisible = 0;
			defaultConfigurationName = Release;
		};
		98CA0C7E2A8C9CC700BCEB67 /* Build configuration list for PBXNativeTarget "Hoontaliano" */ = {
			isa = XCConfigurationList;
			buildConfigurations = (
				98CA0C7F2A8C9CC700BCEB67 /* Debug */,
				98CA0C802A8C9CC700BCEB67 /* Release */,
			);
			defaultConfigurationIsVisible = 0;
			defaultConfigurationName = Release;
		};
		98CA0C812A8C9CC700BCEB67 /* Build configuration list for PBXNativeTarget "HoontalianoTests" */ = {
			isa = XCConfigurationList;
			buildConfigurations = (
				98CA0C822A8C9CC700BCEB67 /* Debug */,
				98CA0C832A8C9CC700BCEB67 /* Release */,
			);
			defaultConfigurationIsVisible = 0;
			defaultConfigurationName = Release;
		};
/* End XCConfigurationList section */
	};
	rootObject = 98CA0C512A8C9CC600BCEB67 /* Project object */;
}
